{
  "name": "client",
  "version": "1.0.0",
  "lockfileVersion": 2,
  "requires": true,
  "packages": {
    "": {
      "name": "client",
      "version": "1.0.0",
      "dependencies": {
        "hwrld": "^2.1.1"
      }
    },
    "node_modules/hwrld": {
      "version": "2.1.1",
      "resolved": "https://registry.npmjs.org/hwrld/-/hwrld-2.1.1.tgz",
      "integrity": "sha512-YkGFKFbvC3SLg26y5Z8Xthdq1XZjLCBvZN8ltiTKL7l5HjlpByjlH3ZfIYkOAhK6zSiSc1tbfSzy/U51Q5Tr6w==",
      "dependencies": {
        "typescript": "^4.2.3"
      }
    },
    "node_modules/typescript": {
      "version": "4.7.4",
      "resolved": "https://registry.npmjs.org/typescript/-/typescript-4.7.4.tgz",
      "integrity": "sha512-C0WQT0gezHuw6AdY1M2jxUO83Rjf0HP7Sk1DtXj6j1EwkQNZrHAg2XPWlq62oqEhYvONq5pkC2Y9oPljWToLmQ==",
      "bin": {
        "tsc": "bin/tsc",
        "tsserver": "bin/tsserver"
      },
      "engines": {
        "node": ">=4.2.0"
      }
    }
  },
  "dependencies": {
    "hwrld": {
      "version": "2.1.1",
      "resolved": "https://registry.npmjs.org/hwrld/-/hwrld-2.1.1.tgz",
      "integrity": "sha512-YkGFKFbvC3SLg26y5Z8Xthdq1XZjLCBvZN8ltiTKL7l5HjlpByjlH3ZfIYkOAhK6zSiSc1tbfSzy/U51Q5Tr6w==",
      "requires": {
        "typescript": "^4.2.3"
      }
    },
    "typescript": {
      "version": "4.7.4",
      "resolved": "https://registry.npmjs.org/typescript/-/typescript-4.7.4.tgz",
      "integrity": "sha512-C0WQT0gezHuw6AdY1M2jxUO83Rjf0HP7Sk1DtXj6j1EwkQNZrHAg2XPWlq62oqEhYvONq5pkC2Y9oPljWToLmQ=="
    }
  }
}
